
Microsoft Visual Studio Solution File, Format Version 12.00
# Visual Studio Version 17
VisualStudioVersion = 17.11.35431.28
MinimumVisualStudioVersion = 10.0.40219.1
Project("{FAE04EC0-301F-11D3-BF4B-00C04F79EFBC}") = "CI_CD", "CI_CD.csproj", "{ED8C83E4-61F8-4CF4-A506-BB71AED488E6}"
EndProject
Global
	GlobalSection(SolutionConfigurationPlatforms) = preSolution
		Debug|Any CPU = Debug|Any CPU
		Release|Any CPU = Release|Any CPU
	EndGlobalSection
	GlobalSection(ProjectConfigurationPlatforms) = postSolution
		{ED8C83E4-61F8-4CF4-A506-BB71AED488E6}.Debug|Any CPU.ActiveCfg = Debug|Any CPU
		{ED8C83E4-61F8-4CF4-A506-BB71AED488E6}.Debug|Any CPU.Build.0 = Debug|Any CPU
		{ED8C83E4-61F8-4CF4-A506-BB71AED488E6}.Release|Any CPU.ActiveCfg = Release|Any CPU
		{ED8C83E4-61F8-4CF4-A506-BB71AED488E6}.Release|Any CPU.Build.0 = Release|Any CPU
	EndGlobalSection
	GlobalSection(SolutionProperties) = preSolution
		HideSolutionNode = FALSE
	EndGlobalSection
	GlobalSection(ExtensibilityGlobals) = postSolution
		SolutionGuid = {84092498-AEB9-46B1-A526-2A2C367B7059}
	EndGlobalSection
EndGlobal
